
Microsoft Visual Studio Solution File, Format Version 12.00
# Visual Studio Version 17
VisualStudioVersion = 17.3.32929.385
MinimumVisualStudioVersion = 10.0.40219.1
Project("{9A19103F-16F7-4668-BE54-9A1E7A4F7556}") = "BillingSystem", "BillingSystem\BillingSystem.csproj", "{73B81089-0147-4161-8078-BB520C8FFB00}"
EndProject
Project("{54435603-DBB4-11D2-8724-00A0C9A8B90C}") = "Setup1", "Setup1\Setup1.vdproj", "{9792BD7E-4F9F-4778-95DD-BA21A1B56D64}"
EndProject
Global
	GlobalSection(SolutionConfigurationPlatforms) = preSolution
		Debug|Any CPU = Debug|Any CPU
		Release|Any CPU = Release|Any CPU
	EndGlobalSection
	GlobalSection(ProjectConfigurationPlatforms) = postSolution
		{73B81089-0147-4161-8078-BB520C8FFB00}.Debug|Any CPU.ActiveCfg = Debug|Any CPU
		{73B81089-0147-4161-8078-BB520C8FFB00}.Debug|Any CPU.Build.0 = Debug|Any CPU
		{73B81089-0147-4161-8078-BB520C8FFB00}.Release|Any CPU.ActiveCfg = Release|Any CPU
		{73B81089-0147-4161-8078-BB520C8FFB00}.Release|Any CPU.Build.0 = Release|Any CPU
		{9792BD7E-4F9F-4778-95DD-BA21A1B56D64}.Debug|Any CPU.ActiveCfg = Debug
		{9792BD7E-4F9F-4778-95DD-BA21A1B56D64}.Release|Any CPU.ActiveCfg = Release
	EndGlobalSection
	GlobalSection(SolutionProperties) = preSolution
		HideSolutionNode = FALSE
	EndGlobalSection
	GlobalSection(ExtensibilityGlobals) = postSolution
		SolutionGuid = {414EA231-57AE-4F48-9C19-56BCB4BF75C6}
	EndGlobalSection
EndGlobal
